# SPDX-License-Identifier: Apache-2.0
concurrency:
  group: lock-${{ github.ref }}
  cancel-in-progress: true
name: pip-tools lock
on:
  workflow_dispatch:
  push:
    paths: ["requirements.in","pyproject.toml"]
jobs:
  lock:
    runs-on: ubuntu-latest
    steps:
      - uses: actions/checkout@v4
      - uses: actions/setup-python@v5
        with: { python-version: "3.11" }
      - run: pip install pip-tools
      - run: pip-compile --generate-hashes -o requirements.lock requirements.in
      - uses: actions/upload-artifact@v4
        with: { name: requirements-lock, path: requirements.lock }
